Microsoft Visual Studio Solution File, Format Version 12.00
# Visual Studio Version 17
VisualStudioVersion = 17.5.2.0
MinimumVisualStudioVersion = 10.0.40219.1
Project("{FAE04EC0-301F-11D3-BF4B-00C04F79EFBC}") = "lazydotnet", "lazydotnet.csproj", "{C5D60619-051C-AE13-6ADF-08E16504559B}"
EndProject
Global
	GlobalSection(SolutionConfigurationPlatforms) = preSolution
		Debug|Any CPU = Debug|Any CPU
		Release|Any CPU = Release|Any CPU
	EndGlobalSection
	GlobalSection(ProjectConfigurationPlatforms) = postSolution
		{C5D60619-051C-AE13-6ADF-08E16504559B}.Debug|Any CPU.ActiveCfg = Debug|Any CPU
		{C5D60619-051C-AE13-6ADF-08E16504559B}.Debug|Any CPU.Build.0 = Debug|Any CPU
		{C5D60619-051C-AE13-6ADF-08E16504559B}.Release|Any CPU.ActiveCfg = Release|Any CPU
		{C5D60619-051C-AE13-6ADF-08E16504559B}.Release|Any CPU.Build.0 = Release|Any CPU
	EndGlobalSection
	GlobalSection(SolutionProperties) = preSolution
		HideSolutionNode = FALSE
	EndGlobalSection
	GlobalSection(ExtensibilityGlobals) = postSolution
		SolutionGuid = {E2A60BC8-FA00-4AAE-85C3-26857758176B}
	EndGlobalSection
EndGlobal
